
Microsoft Visual Studio Solution File, Format Version 12.00
# Visual Studio Version 17
VisualStudioVersion = 17.8.34511.84
MinimumVisualStudioVersion = 10.0.40219.1
Project("{FAE04EC0-301F-11D3-BF4B-00C04F79EFBC}") = "BMICalculator", "BMICalculator\BMICalculator.csproj", "{01D91282-BD66-4B2E-9866-7E692673037C}"
EndProject
Global
	GlobalSection(SolutionConfigurationPlatforms) = preSolution
		Debug|Any CPU = Debug|Any CPU
		Release|Any CPU = Release|Any CPU
	EndGlobalSection
	GlobalSection(ProjectConfigurationPlatforms) = postSolution
		{01D91282-BD66-4B2E-9866-7E692673037C}.Debug|Any CPU.ActiveCfg = Debug|Any CPU
		{01D91282-BD66-4B2E-9866-7E692673037C}.Debug|Any CPU.Build.0 = Debug|Any CPU
		{01D91282-BD66-4B2E-9866-7E692673037C}.Debug|Any CPU.Deploy.0 = Debug|Any CPU
		{01D91282-BD66-4B2E-9866-7E692673037C}.Release|Any CPU.ActiveCfg = Release|Any CPU
		{01D91282-BD66-4B2E-9866-7E692673037C}.Release|Any CPU.Build.0 = Release|Any CPU
		{01D91282-BD66-4B2E-9866-7E692673037C}.Release|Any CPU.Deploy.0 = Release|Any CPU
	EndGlobalSection
	GlobalSection(SolutionProperties) = preSolution
		HideSolutionNode = FALSE
	EndGlobalSection
	GlobalSection(ExtensibilityGlobals) = postSolution
		SolutionGuid = {655C4EDA-A60C-428E-B7A4-C969F6833E7B}
	EndGlobalSection
EndGlobal
